
Microsoft Visual Studio Solution File, Format Version 12.00
# Visual Studio Version 17
VisualStudioVersion = 17.10.35013.160
MinimumVisualStudioVersion = 10.0.40219.1
Project("{FAE04EC0-301F-11D3-BF4B-00C04F79EFBC}") = "PetClinics", "PetClinics\PetClinics.csproj", "{08B9D18F-A66F-401C-B58A-7EA0821849A5}"
EndProject
Global
	GlobalSection(SolutionConfigurationPlatforms) = preSolution
		Debug|Any CPU = Debug|Any CPU
		Release|Any CPU = Release|Any CPU
	EndGlobalSection
	GlobalSection(ProjectConfigurationPlatforms) = postSolution
		{08B9D18F-A66F-401C-B58A-7EA0821849A5}.Debug|Any CPU.ActiveCfg = Debug|Any CPU
		{08B9D18F-A66F-401C-B58A-7EA0821849A5}.Debug|Any CPU.Build.0 = Debug|Any CPU
		{08B9D18F-A66F-401C-B58A-7EA0821849A5}.Release|Any CPU.ActiveCfg = Release|Any CPU
		{08B9D18F-A66F-401C-B58A-7EA0821849A5}.Release|Any CPU.Build.0 = Release|Any CPU
	EndGlobalSection
	GlobalSection(SolutionProperties) = preSolution
		HideSolutionNode = FALSE
	EndGlobalSection
	GlobalSection(ExtensibilityGlobals) = postSolution
		SolutionGuid = {3DDBF62D-9BC5-4D11-965E-85466A3CA85B}
	EndGlobalSection
EndGlobal
